// !$*UTF8*$!
{
	archiveVersion = 1;
	classes = {
	};
	objectVersion = 46;
	objects = {

/* Begin PBXBuildFile section */
		F81858FD1DA374D300995CFF /* AppDelegate.swift in Sources */ = {isa = PBXBuildFile; fileRef = F81858FC1DA374D300995CFF /* AppDelegate.swift */; };
		F81858FF1DA374D300995CFF /* ViewController.swift in Sources */ = {isa = PBXBuildFile; fileRef = F81858FE1DA374D300995CFF /* ViewController.swift */; };
		F81859021DA374D300995CFF /* Main.storyboard in Resources */ = {isa = PBXBuildFile; fileRef = F81859001DA374D300995CFF /* Main.storyboard */; };
		F81859051DA374D300995CFF /* FloralCode.xcdatamodeld in Sources */ = {isa = PBXBuildFile; fileRef = F81859031DA374D300995CFF /* FloralCode.xcdatamodeld */; };
		F81859071DA374D300995CFF /* Assets.xcassets in Resources */ = {isa = PBXBuildFile; fileRef = F81859061DA374D300995CFF /* Assets.xcassets */; };
		F818590A1DA374D300995CFF /* LaunchScreen.storyboard in Resources */ = {isa = PBXBuildFile; fileRef = F81859081DA374D300995CFF /* LaunchScreen.storyboard */; };
		F81859151DA374D300995CFF /* FloralCodeTests.swift in Sources */ = {isa = PBXBuildFile; fileRef = F81859141DA374D300995CFF /* FloralCodeTests.swift */; };
		F81859201DA374D300995CFF /* FloralCodeUITests.swift in Sources */ = {isa = PBXBuildFile; fileRef = F818591F1DA374D300995CFF /* FloralCodeUITests.swift */; };
		F81859301DA3754B00995CFF /* Plant1.swift in Sources */ = {isa = PBXBuildFile; fileRef = F818592F1DA3754B00995CFF /* Plant1.swift */; };
		F81859321DA37E4D00995CFF /* PlantCell.swift in Sources */ = {isa = PBXBuildFile; fileRef = F81859311DA37E4D00995CFF /* PlantCell.swift */; };
		F81859341DA37EBC00995CFF /* PlantTableViewController.swift in Sources */ = {isa = PBXBuildFile; fileRef = F81859331DA37EBC00995CFF /* PlantTableViewController.swift */; };
		F81859361DA392A900995CFF /* AddPlantViewController.swift in Sources */ = {isa = PBXBuildFile; fileRef = F81859351DA392A900995CFF /* AddPlantViewController.swift */; };
		F81859381DA392C000995CFF /* PlantViewController.swift in Sources */ = {isa = PBXBuildFile; fileRef = F81859371DA392C000995CFF /* PlantViewController.swift */; };
		F818593E1DA4B60400995CFF /* PlantEditViewController.swift in Sources */ = {isa = PBXBuildFile; fileRef = F818593D1DA4B60400995CFF /* PlantEditViewController.swift */; };
		F81859401DA4B65500995CFF /* WeatherViewController.swift in Sources */ = {isa = PBXBuildFile; fileRef = F818593F1DA4B65500995CFF /* WeatherViewController.swift */; };
		F81859461DA4E83400995CFF /* Floral.xcdatamodeld in Sources */ = {isa = PBXBuildFile; fileRef = F81859441DA4E83400995CFF /* Floral.xcdatamodeld */; };
		F81859491DA4E8F400995CFF /* Plant+CoreDataProperties.swift in Sources */ = {isa = PBXBuildFile; fileRef = F81859471DA4E8F400995CFF /* Plant+CoreDataProperties.swift */; };
		F818594A1DA4E8F400995CFF /* Plant.swift in Sources */ = {isa = PBXBuildFile; fileRef = F81859481DA4E8F400995CFF /* Plant.swift */; };
		F8804D221DAB44F500C99F20 /* WeatherViewCell.swift in Sources */ = {isa = PBXBuildFile; fileRef = F8804D211DAB44F500C99F20 /* WeatherViewCell.swift */; };
		F8804D241DAB45EB00C99F20 /* WeatherTableViewController.swift in Sources */ = {isa = PBXBuildFile; fileRef = F8804D231DAB45EB00C99F20 /* WeatherTableViewController.swift */; };
		F8804D261DAB47FC00C99F20 /* Weather.swift in Sources */ = {isa = PBXBuildFile; fileRef = F8804D251DAB47FC00C99F20 /* Weather.swift */; };
		F8804D281DAB545600C99F20 /* DataInputCell.swift in Sources */ = {isa = PBXBuildFile; fileRef = F8804D271DAB545600C99F20 /* DataInputCell.swift */; };
		F8804D2A1DACBAF300C99F20 /* Reachability.swift in Sources */ = {isa = PBXBuildFile; fileRef = F8804D291DACBAF300C99F20 /* Reachability.swift */; };
		F8941B631DAF35F0008FBA68 /* AssetsLibrary.framework in Frameworks */ = {isa = PBXBuildFile; fileRef = F8941B621DAF35F0008FBA68 /* AssetsLibrary.framework */; };
/* End PBXBuildFile section */

/* Begin PBXContainerItemProxy section */
		F81859111DA374D300995CFF /* PBXContainerItemProxy */ = {
			isa = PBXContainerItemProxy;
			containerPortal = F81858F11DA374D300995CFF /* Project object */;
			proxyType = 1;
			remoteGlobalIDString = F81858F81DA374D300995CFF;
			remoteInfo = FloralCode;
		};
		F818591C1DA374D300995CFF /* PBXContainerItemProxy */ = {
			isa = PBXContainerItemProxy;
			containerPortal = F81858F11DA374D300995CFF /* Project object */;
			proxyType = 1;
			remoteGlobalIDString = F81858F81DA374D300995CFF;
			remoteInfo = FloralCode;
		};
/* End PBXContainerItemProxy section */

/* Begin PBXFileReference section */
		F81858F91DA374D300995CFF /* FloralCode.app */ = {isa = PBXFileReference; explicitFileType = wrapper.application; includeInIndex = 0; path = FloralCode.app; sourceTree = BUILT_PRODUCTS_DIR; };
		F81858FC1DA374D300995CFF /* AppDelegate.swift */ = {isa = PBXFileReference; lastKnownFileType = sourcecode.swift; path = AppDelegate.swift; sourceTree = "<group>"; };
		F81858FE1DA374D300995CFF /* ViewController.swift */ = {isa = PBXFileReference; lastKnownFileType = sourcecode.swift; path = ViewController.swift; sourceTree = "<group>"; };
		F81859011DA374D300995CFF /* Base */ = {isa = PBXFileReference; lastKnownFileType = file.storyboard; name = Base; path = Base.lproj/Main.storyboard; sourceTree = "<group>"; };
		F81859041DA374D300995CFF /* FloralCode.xcdatamodel */ = {isa = PBXFileReference; lastKnownFileType = wrapper.xcdatamodel; path = FloralCode.xcdatamodel; sourceTree = "<group>"; };
		F81859061DA374D300995CFF /* Assets.xcassets */ = {isa = PBXFileReference; lastKnownFileType = folder.assetcatalog; path = Assets.xcassets; sourceTree = "<group>"; };
		F81859091DA374D300995CFF /* Base */ = {isa = PBXFileReference; lastKnownFileType = file.storyboard; name = Base; path = Base.lproj/LaunchScreen.storyboard; sourceTree = "<group>"; };
		F818590B1DA374D300995CFF /* Info.plist */ = {isa = PBXFileReference; lastKnownFileType = text.plist.xml; path = Info.plist; sourceTree = "<group>"; };
		F81859101DA374D300995CFF /* FloralCodeTests.xctest */ = {isa = PBXFileReference; explicitFileType = wrapper.cfbundle; includeInIndex = 0; path = FloralCodeTests.xctest; sourceTree = BUILT_PRODUCTS_DIR; };
		F81859141DA374D300995CFF /* FloralCodeTests.swift */ = {isa = PBXFileReference; lastKnownFileType = sourcecode.swift; path = FloralCodeTests.swift; sourceTree = "<group>"; };
		F81859161DA374D300995CFF /* Info.plist */ = {isa = PBXFileReference; lastKnownFileType = text.plist.xml; path = Info.plist; sourceTree = "<group>"; };
		F818591B1DA374D300995CFF /* FloralCodeUITests.xctest */ = {isa = PBXFileReference; explicitFileType = wrapper.cfbundle; includeInIndex = 0; path = FloralCodeUITests.xctest; sourceTree = BUILT_PRODUCTS_DIR; };
		F818591F1DA374D300995CFF /* FloralCodeUITests.swift */ = {isa = PBXFileReference; lastKnownFileType = sourcecode.swift; path = FloralCodeUITests.swift; sourceTree = "<group>"; };
		F81859211DA374D300995CFF /* Info.plist */ = {isa = PBXFileReference; lastKnownFileType = text.plist.xml; path = Info.plist; sourceTree = "<group>"; };
		F818592F1DA3754B00995CFF /* Plant1.swift */ = {isa = PBXFileReference; fileEncoding = 4; lastKnownFileType = sourcecode.swift; path = Plant1.swift; sourceTree = "<group>"; };
		F81859311DA37E4D00995CFF /* PlantCell.swift */ = {isa = PBXFileReference; fileEncoding = 4; lastKnownFileType = sourcecode.swift; path = PlantCell.swift; sourceTree = "<group>"; };
		F81859331DA37EBC00995CFF /* PlantTableViewController.swift */ = {isa = PBXFileReference; fileEncoding = 4; lastKnownFileType = sourcecode.swift; path = PlantTableViewController.swift; sourceTree = "<group>"; };
		F81859351DA392A900995CFF /* AddPlantViewController.swift */ = {isa = PBXFileReference; fileEncoding = 4; lastKnownFileType = sourcecode.swift; path = AddPlantViewController.swift; sourceTree = "<group>"; };
		F81859371DA392C000995CFF /* PlantViewController.swift */ = {isa = PBXFileReference; fileEncoding = 4; lastKnownFileType = sourcecode.swift; path = PlantViewController.swift; sourceTree = "<group>"; };
		F818593D1DA4B60400995CFF /* PlantEditViewController.swift */ = {isa = PBXFileReference; fileEncoding = 4; lastKnownFileType = sourcecode.swift; path = PlantEditViewController.swift; sourceTree = "<group>"; };
		F818593F1DA4B65500995CFF /* WeatherViewController.swift */ = {isa = PBXFileReference; fileEncoding = 4; lastKnownFileType = sourcecode.swift; path = WeatherViewController.swift; sourceTree = "<group>"; };
		F81859451DA4E83400995CFF /* Floral.xcdatamodel */ = {isa = PBXFileReference; lastKnownFileType = wrapper.xcdatamodel; path = Floral.xcdatamodel; sourceTree = "<group>"; };
		F81859471DA4E8F400995CFF /* Plant+CoreDataProperties.swift */ = {isa = PBXFileReference; fileEncoding = 4; lastKnownFileType = sourcecode.swift; path = "Plant+CoreDataProperties.swift"; sourceTree = "<group>"; };
		F81859481DA4E8F400995CFF /* Plant.swift */ = {isa = PBXFileReference; fileEncoding = 4; lastKnownFileType = sourcecode.swift; path = Plant.swift; sourceTree = "<group>"; };
		F8804D211DAB44F500C99F20 /* WeatherViewCell.swift */ = {isa = PBXFileReference; fileEncoding = 4; lastKnownFileType = sourcecode.swift; path = WeatherViewCell.swift; sourceTree = "<group>"; };
		F8804D231DAB45EB00C99F20 /* WeatherTableViewController.swift */ = {isa = PBXFileReference; fileEncoding = 4; lastKnownFileType = sourcecode.swift; path = WeatherTableViewController.swift; sourceTree = "<group>"; };
		F8804D251DAB47FC00C99F20 /* Weather.swift */ = {isa = PBXFileReference; fileEncoding = 4; lastKnownFileType = sourcecode.swift; path = Weather.swift; sourceTree = "<group>"; };
		F8804D271DAB545600C99F20 /* DataInputCell.swift */ = {isa = PBXFileReference; fileEncoding = 4; lastKnownFileType = sourcecode.swift; path = DataInputCell.swift; sourceTree = "<group>"; };
		F8804D291DACBAF300C99F20 /* Reachability.swift */ = {isa = PBXFileReference; fileEncoding = 4; lastKnownFileType = sourcecode.swift; path = Reachability.swift; sourceTree = "<group>"; };
		F8941B621DAF35F0008FBA68 /* AssetsLibrary.framework */ = {isa = PBXFileReference; lastKnownFileType = wrapper.framework; name = AssetsLibrary.framework; path = System/Library/Frameworks/AssetsLibrary.framework; sourceTree = SDKROOT; };
/* End PBXFileReference section */

/* Begin PBXFrameworksBuildPhase section */
		F81858F61DA374D300995CFF /* Frameworks */ = {
			isa = PBXFrameworksBuildPhase;
			buildActionMask = 2147483647;
			files = (
				F8941B631DAF35F0008FBA68 /* AssetsLibrary.framework in Frameworks */,
			);
			runOnlyForDeploymentPostprocessing = 0;
		};
		F818590D1DA374D300995CFF /* Frameworks */ = {
			isa = PBXFrameworksBuildPhase;
			buildActionMask = 2147483647;
			files = (
			);
			runOnlyForDeploymentPostprocessing = 0;
		};
		F81859181DA374D300995CFF /* Frameworks */ = {
			isa = PBXFrameworksBuildPhase;
			buildActionMask = 2147483647;
			files = (
			);
			runOnlyForDeploymentPostprocessing = 0;
		};
/* End PBXFrameworksBuildPhase section */

/* Begin PBXGroup section */
		F81858F01DA374D300995CFF = {
			isa = PBXGroup;
			children = (
				F8941B621DAF35F0008FBA68 /* AssetsLibrary.framework */,
				F81859471DA4E8F400995CFF /* Plant+CoreDataProperties.swift */,
				F81859481DA4E8F400995CFF /* Plant.swift */,
				F81859441DA4E83400995CFF /* Floral.xcdatamodeld */,
				F81858FB1DA374D300995CFF /* FloralCode */,
				F81859131DA374D300995CFF /* FloralCodeTests */,
				F818591E1DA374D300995CFF /* FloralCodeUITests */,
				F81858FA1DA374D300995CFF /* Products */,
			);
			sourceTree = "<group>";
		};
		F81858FA1DA374D300995CFF /* Products */ = {
			isa = PBXGroup;
			children = (
				F81858F91DA374D300995CFF /* FloralCode.app */,
				F81859101DA374D300995CFF /* FloralCodeTests.xctest */,
				F818591B1DA374D300995CFF /* FloralCodeUITests.xctest */,
			);
			name = Products;
			sourceTree = "<group>";
		};
		F81858FB1DA374D300995CFF /* FloralCode */ = {
			isa = PBXGroup;
			children = (
				F81859431DA4D00C00995CFF /* Image */,
				F81858FC1DA374D300995CFF /* AppDelegate.swift */,
				F81858FE1DA374D300995CFF /* ViewController.swift */,
				F81859001DA374D300995CFF /* Main.storyboard */,
				F81859061DA374D300995CFF /* Assets.xcassets */,
				F81859081DA374D300995CFF /* LaunchScreen.storyboard */,
				F818590B1DA374D300995CFF /* Info.plist */,
				F81859031DA374D300995CFF /* FloralCode.xcdatamodeld */,
				F818592F1DA3754B00995CFF /* Plant1.swift */,
				F81859311DA37E4D00995CFF /* PlantCell.swift */,
				F81859331DA37EBC00995CFF /* PlantTableViewController.swift */,
				F81859351DA392A900995CFF /* AddPlantViewController.swift */,
				F81859371DA392C000995CFF /* PlantViewController.swift */,
				F818593D1DA4B60400995CFF /* PlantEditViewController.swift */,
				F818593F1DA4B65500995CFF /* WeatherViewController.swift */,
				F8804D211DAB44F500C99F20 /* WeatherViewCell.swift */,
				F8804D231DAB45EB00C99F20 /* WeatherTableViewController.swift */,
				F8804D251DAB47FC00C99F20 /* Weather.swift */,
				F8804D271DAB545600C99F20 /* DataInputCell.swift */,
				F8804D291DACBAF300C99F20 /* Reachability.swift */,
			);
			path = FloralCode;
			sourceTree = "<group>";
		};
		F81859131DA374D300995CFF /* FloralCodeTests */ = {
			isa = PBXGroup;
			children = (
				F81859141DA374D300995CFF /* FloralCodeTests.swift */,
				F81859161DA374D300995CFF /* Info.plist */,
			);
			path = FloralCodeTests;
			sourceTree = "<group>";
		};
		F818591E1DA374D300995CFF /* FloralCodeUITests */ = {
			isa = PBXGroup;
			children = (
				F818591F1DA374D300995CFF /* FloralCodeUITests.swift */,
				F81859211DA374D300995CFF /* Info.plist */,
			);
			path = FloralCodeUITests;
			sourceTree = "<group>";
		};
		F81859431DA4D00C00995CFF /* Image */ = {
			isa = PBXGroup;
			children = (
			);
			name = Image;
			sourceTree = "<group>";
		};
/* End PBXGroup section */

/* Begin PBXNativeTarget section */
		F81858F81DA374D300995CFF /* FloralCode */ = {
			isa = PBXNativeTarget;
			buildConfigurationList = F81859241DA374D300995CFF /* Build configuration list for PBXNativeTarget "FloralCode" */;
			buildPhases = (
				F81858F51DA374D300995CFF /* Sources */,
				F81858F61DA374D300995CFF /* Frameworks */,
				F81858F71DA374D300995CFF /* Resources */,
			);
			buildRules = (
			);
			dependencies = (
			);
			name = FloralCode;
			productName = FloralCode;
			productReference = F81858F91DA374D300995CFF /* FloralCode.app */;
			productType = "com.apple.product-type.application";
		};
		F818590F1DA374D300995CFF /* FloralCodeTests */ = {
			isa = PBXNativeTarget;
			buildConfigurationList = F81859271DA374D300995CFF /* Build configuration list for PBXNativeTarget "FloralCodeTests" */;
			buildPhases = (
				F818590C1DA374D300995CFF /* Sources */,
				F818590D1DA374D300995CFF /* Frameworks */,
				F818590E1DA374D300995CFF /* Resources */,
			);
			buildRules = (
			);
			dependencies = (
				F81859121DA374D300995CFF /* PBXTargetDependency */,
			);
			name = FloralCodeTests;
			productName = FloralCodeTests;
			productReference = F81859101DA374D300995CFF /* FloralCodeTests.xctest */;
			productType = "com.apple.product-type.bundle.unit-test";
		};
		F818591A1DA374D300995CFF /* FloralCodeUITests */ = {
			isa = PBXNativeTarget;
			buildConfigurationList = F818592A1DA374D300995CFF /* Build configuration list for PBXNativeTarget "FloralCodeUITests" */;
			buildPhases = (
				F81859171DA374D300995CFF /* Sources */,
				F81859181DA374D300995CFF /* Frameworks */,
				F81859191DA374D300995CFF /* Resources */,
			);
			buildRules = (
			);
			dependencies = (
				F818591D1DA374D300995CFF /* PBXTargetDependency */,
			);
			name = FloralCodeUITests;
			productName = FloralCodeUITests;
			productReference = F818591B1DA374D300995CFF /* FloralCodeUITests.xctest */;
			productType = "com.apple.product-type.bundle.ui-testing";
		};
/* End PBXNativeTarget section */

/* Begin PBXProject section */
		F81858F11DA374D300995CFF /* Project object */ = {
			isa = PBXProject;
			attributes = {
				LastSwiftUpdateCheck = 0730;
				LastUpgradeCheck = 0730;
				ORGANIZATIONNAME = "Priyanka Gopakumar";
				TargetAttributes = {
					F81858F81DA374D300995CFF = {
						CreatedOnToolsVersion = 7.3.1;
						LastSwiftMigration = 0820;
					};
					F818590F1DA374D300995CFF = {
						CreatedOnToolsVersion = 7.3.1;
						LastSwiftMigration = 0820;
						TestTargetID = F81858F81DA374D300995CFF;
					};
					F818591A1DA374D300995CFF = {
						CreatedOnToolsVersion = 7.3.1;
						LastSwiftMigration = 0820;
						TestTargetID = F81858F81DA374D300995CFF;
					};
				};
			};
			buildConfigurationList = F81858F41DA374D300995CFF /* Build configuration list for PBXProject "FloralCode" */;
			compatibilityVersion = "Xcode 3.2";
			developmentRegion = English;
			hasScannedForEncodings = 0;
			knownRegions = (
				en,
				Base,
			);
			mainGroup = F81858F01DA374D300995CFF;
			productRefGroup = F81858FA1DA374D300995CFF /* Products */;
			projectDirPath = "";
			projectRoot = "";
			targets = (
				F81858F81DA374D300995CFF /* FloralCode */,
				F818590F1DA374D300995CFF /* FloralCodeTests */,
				F818591A1DA374D300995CFF /* FloralCodeUITests */,
			);
		};
/* End PBXProject section */

/* Begin PBXResourcesBuildPhase section */
		F81858F71DA374D300995CFF /* Resources */ = {
			isa = PBXResourcesBuildPhase;
			buildActionMask = 2147483647;
			files = (
				F818590A1DA374D300995CFF /* LaunchScreen.storyboard in Resources */,
				F81859071DA374D300995CFF /* Assets.xcassets in Resources */,
				F81859021DA374D300995CFF /* Main.storyboard in Resources */,
			);
			runOnlyForDeploymentPostprocessing = 0;
		};
		F818590E1DA374D300995CFF /* Resources */ = {
			isa = PBXResourcesBuildPhase;
			buildActionMask = 2147483647;
			files = (
			);
			runOnlyForDeploymentPostprocessing = 0;
		};
		F81859191DA374D300995CFF /* Resources */ = {
			isa = PBXResourcesBuildPhase;
			buildActionMask = 2147483647;
			files = (
			);
			runOnlyForDeploymentPostprocessing = 0;
		};
/* End PBXResourcesBuildPhase section */

/* Begin PBXSourcesBuildPhase section */
		F81858F51DA374D300995CFF /* Sources */ = {
			isa = PBXSourcesBuildPhase;
			buildActionMask = 2147483647;
			files = (
				F81859051DA374D300995CFF /* FloralCode.xcdatamodeld in Sources */,
				F8804D261DAB47FC00C99F20 /* Weather.swift in Sources */,
				F8804D2A1DACBAF300C99F20 /* Reachability.swift in Sources */,
				F81859401DA4B65500995CFF /* WeatherViewController.swift in Sources */,
				F8804D281DAB545600C99F20 /* DataInputCell.swift in Sources */,
				F8804D221DAB44F500C99F20 /* WeatherViewCell.swift in Sources */,
				F8804D241DAB45EB00C99F20 /* WeatherTableViewController.swift in Sources */,
				F81859491DA4E8F400995CFF /* Plant+CoreDataProperties.swift in Sources */,
				F81859321DA37E4D00995CFF /* PlantCell.swift in Sources */,
				F81859381DA392C000995CFF /* PlantViewController.swift in Sources */,
				F81859361DA392A900995CFF /* AddPlantViewController.swift in Sources */,
				F81859301DA3754B00995CFF /* Plant1.swift in Sources */,
				F818593E1DA4B60400995CFF /* PlantEditViewController.swift in Sources */,
				F81858FF1DA374D300995CFF /* ViewController.swift in Sources */,
				F81858FD1DA374D300995CFF /* AppDelegate.swift in Sources */,
				F818594A1DA4E8F400995CFF /* Plant.swift in Sources */,
				F81859341DA37EBC00995CFF /* PlantTableViewController.swift in Sources */,
				F81859461DA4E83400995CFF /* Floral.xcdatamodeld in Sources */,
			);
			runOnlyForDeploymentPostprocessing = 0;
		};
		F818590C1DA374D300995CFF /* Sources */ = {
			isa = PBXSourcesBuildPhase;
			buildActionMask = 2147483647;
			files = (
				F81859151DA374D300995CFF /* FloralCodeTests.swift in Sources */,
			);
			runOnlyForDeploymentPostprocessing = 0;
		};
		F81859171DA374D300995CFF /* Sources */ = {
			isa = PBXSourcesBuildPhase;
			buildActionMask = 2147483647;
			files = (
				F81859201DA374D300995CFF /* FloralCodeUITests.swift in Sources */,
			);
			runOnlyForDeploymentPostprocessing = 0;
		};
/* End PBXSourcesBuildPhase section */

/* Begin PBXTargetDependency section */
		F81859121DA374D300995CFF /* PBXTargetDependency */ = {
			isa = PBXTargetDependency;
			target = F81858F81DA374D300995CFF /* FloralCode */;
			targetProxy = F81859111DA374D300995CFF /* PBXContainerItemProxy */;
		};
		F818591D1DA374D300995CFF /* PBXTargetDependency */ = {
			isa = PBXTargetDependency;
			target = F81858F81DA374D300995CFF /* FloralCode */;
			targetProxy = F818591C1DA374D300995CFF /* PBXContainerItemProxy */;
		};
/* End PBXTargetDependency section */

/* Begin PBXVariantGroup section */
		F81859001DA374D300995CFF /* Main.storyboard */ = {
			isa = PBXVariantGroup;
			children = (
				F81859011DA374D300995CFF /* Base */,
			);
			name = Main.storyboard;
			sourceTree = "<group>";
		};
		F81859081DA374D300995CFF /* LaunchScreen.storyboard */ = {
			isa = PBXVariantGroup;
			children = (
				F81859091DA374D300995CFF /* Base */,
			);
			name = LaunchScreen.storyboard;
			sourceTree = "<group>";
		};
/* End PBXVariantGroup section */

/* Begin XCBuildConfiguration section */
		F81859221DA374D300995CFF /* Debug */ = {
			isa = XCBuildConfiguration;
			buildSettings = {
				ALWAYS_SEARCH_USER_PATHS = NO;
				CLANG_ANALYZER_NONNULL = YES;
				CLANG_CXX_LANGUAGE_STANDARD = "gnu++0x";
				CLANG_CXX_LIBRARY = "libc++";
				CLANG_ENABLE_MODULES = YES;
				CLANG_ENABLE_OBJC_ARC = YES;
				CLANG_WARN_BOOL_CONVERSION = YES;
				CLANG_WARN_CONSTANT_CONVERSION = YES;
				CLANG_WARN_DIRECT_OBJC_ISA_USAGE = YES_ERROR;
				CLANG_WARN_EMPTY_BODY = YES;
				CLANG_WARN_ENUM_CONVERSION = YES;
				CLANG_WARN_INT_CONVERSION = YES;
				CLANG_WARN_OBJC_ROOT_CLASS = YES_ERROR;
				CLANG_WARN_UNREACHABLE_CODE = YES;
				CLANG_WARN__DUPLICATE_METHOD_MATCH = YES;
				"CODE_SIGN_IDENTITY[sdk=iphoneos*]" = "iPhone Developer";
				COPY_PHASE_STRIP = NO;
				DEBUG_INFORMATION_FORMAT = dwarf;
				ENABLE_STRICT_OBJC_MSGSEND = YES;
				ENABLE_TESTABILITY = YES;
				GCC_C_LANGUAGE_STANDARD = gnu99;
				GCC_DYNAMIC_NO_PIC = NO;
				GCC_NO_COMMON_BLOCKS = YES;
				GCC_OPTIMIZATION_LEVEL = 0;
				GCC_PREPROCESSOR_DEFINITIONS = (
					"DEBUG=1",
					"$(inherited)",
				);
				GCC_WARN_64_TO_32_BIT_CONVERSION = YES;
				GCC_WARN_ABOUT_RETURN_TYPE = YES_ERROR;
				GCC_WARN_UNDECLARED_SELECTOR = YES;
				GCC_WARN_UNINITIALIZED_AUTOS = YES_AGGRESSIVE;
				GCC_WARN_UNUSED_FUNCTION = YES;
				GCC_WARN_UNUSED_VARIABLE = YES;
				IPHONEOS_DEPLOYMENT_TARGET = 9.3;
				MTL_ENABLE_DEBUG_INFO = YES;
				ONLY_ACTIVE_ARCH = YES;
				SDKROOT = iphoneos;
				SWIFT_OPTIMIZATION_LEVEL = "-Onone";
			};
			name = Debug;
		};
		F81859231DA374D300995CFF /* Release */ = {
			isa = XCBuildConfiguration;
			buildSettings = {
				ALWAYS_SEARCH_USER_PATHS = NO;
				CLANG_ANALYZER_NONNULL = YES;
				CLANG_CXX_LANGUAGE_STANDARD = "gnu++0x";
				CLANG_CXX_LIBRARY = "libc++";
				CLANG_ENABLE_MODULES = YES;
				CLANG_ENABLE_OBJC_ARC = YES;
				CLANG_WARN_BOOL_CONVERSION = YES;
				CLANG_WARN_CONSTANT_CONVERSION = YES;
				CLANG_WARN_DIRECT_OBJC_ISA_USAGE = YES_ERROR;
				CLANG_WARN_EMPTY_BODY = YES;
				CLANG_WARN_ENUM_CONVERSION = YES;
				CLANG_WARN_INT_CONVERSION = YES;
				CLANG_WARN_OBJC_ROOT_CLASS = YES_ERROR;
				CLANG_WARN_UNREACHABLE_CODE = YES;
				CLANG_WARN__DUPLICATE_METHOD_MATCH = YES;
				"CODE_SIGN_IDENTITY[sdk=iphoneos*]" = "iPhone Developer";
				COPY_PHASE_STRIP = NO;
				DEBUG_INFORMATION_FORMAT = "dwarf-with-dsym";
				ENABLE_NS_ASSERTIONS = NO;
				ENABLE_STRICT_OBJC_MSGSEND = YES;
				GCC_C_LANGUAGE_STANDARD = gnu99;
				GCC_NO_COMMON_BLOCKS = YES;
				GCC_WARN_64_TO_32_BIT_CONVERSION = YES;
				GCC_WARN_ABOUT_RETURN_TYPE = YES_ERROR;
				GCC_WARN_UNDECLARED_SELECTOR = YES;
				GCC_WARN_UNINITIALIZED_AUTOS = YES_AGGRESSIVE;
				GCC_WARN_UNUSED_FUNCTION = YES;
				GCC_WARN_UNUSED_VARIABLE = YES;
				IPHONEOS_DEPLOYMENT_TARGET = 9.3;
				MTL_ENABLE_DEBUG_INFO = NO;
				SDKROOT = iphoneos;
				VALIDATE_PRODUCT = YES;
			};
			name = Release;
		};
		F81859251DA374D300995CFF /* Debug */ = {
			isa = XCBuildConfiguration;
			buildSettings = {
				ASSETCATALOG_COMPILER_APPICON_NAME = AppIcon;
				INFOPLIST_FILE = FloralCode/Info.plist;
				LD_RUNPATH_SEARCH_PATHS = "$(inherited) @executable_path/Frameworks";
				PRODUCT_BUNDLE_IDENTIFIER = pgop6.FloralCode;
				PRODUCT_NAME = "$(TARGET_NAME)";
				SWIFT_VERSION = 3.0;
			};
			name = Debug;
		};
		F81859261DA374D300995CFF /* Release */ = {
			isa = XCBuildConfiguration;
			buildSettings = {
				ASSETCATALOG_COMPILER_APPICON_NAME = AppIcon;
				INFOPLIST_FILE = FloralCode/Info.plist;
				LD_RUNPATH_SEARCH_PATHS = "$(inherited) @executable_path/Frameworks";
				PRODUCT_BUNDLE_IDENTIFIER = pgop6.FloralCode;
				PRODUCT_NAME = "$(TARGET_NAME)";
				SWIFT_VERSION = 3.0;
			};
			name = Release;
		};
		F81859281DA374D300995CFF /* Debug */ = {
			isa = XCBuildConfiguration;
			buildSettings = {
				BUNDLE_LOADER = "$(TEST_HOST)";
				INFOPLIST_FILE = FloralCodeTests/Info.plist;
				LD_RUNPATH_SEARCH_PATHS = "$(inherited) @executable_path/Frameworks @loader_path/Frameworks";
				PRODUCT_BUNDLE_IDENTIFIER = pgop6.FloralCodeTests;
				PRODUCT_NAME = "$(TARGET_NAME)";
				SWIFT_VERSION = 3.0;
				TEST_HOST = "$(BUILT_PRODUCTS_DIR)/FloralCode.app/FloralCode";
			};
			name = Debug;
		};
		F81859291DA374D300995CFF /* Release */ = {
			isa = XCBuildConfiguration;
			buildSettings = {
				BUNDLE_LOADER = "$(TEST_HOST)";
				INFOPLIST_FILE = FloralCodeTests/Info.plist;
				LD_RUNPATH_SEARCH_PATHS = "$(inherited) @executable_path/Frameworks @loader_path/Frameworks";
				PRODUCT_BUNDLE_IDENTIFIER = pgop6.FloralCodeTests;
				PRODUCT_NAME = "$(TARGET_NAME)";
				SWIFT_VERSION = 3.0;
				TEST_HOST = "$(BUILT_PRODUCTS_DIR)/FloralCode.app/FloralCode";
			};
			name = Release;
		};
		F818592B1DA374D300995CFF /* Debug */ = {
			isa = XCBuildConfiguration;
			buildSettings = {
				INFOPLIST_FILE = FloralCodeUITests/Info.plist;
				LD_RUNPATH_SEARCH_PATHS = "$(inherited) @executable_path/Frameworks @loader_path/Frameworks";
				PRODUCT_BUNDLE_IDENTIFIER = pgop6.FloralCodeUITests;
				PRODUCT_NAME = "$(TARGET_NAME)";
				SWIFT_VERSION = 3.0;
				TEST_TARGET_NAME = FloralCode;
			};
			name = Debug;
		};
		F818592C1DA374D300995CFF /* Release */ = {
			isa = XCBuildConfiguration;
			buildSettings = {
				INFOPLIST_FILE = FloralCodeUITests/Info.plist;
				LD_RUNPATH_SEARCH_PATHS = "$(inherited) @executable_path/Frameworks @loader_path/Frameworks";
				PRODUCT_BUNDLE_IDENTIFIER = pgop6.FloralCodeUITests;
				PRODUCT_NAME = "$(TARGET_NAME)";
				SWIFT_VERSION = 3.0;
				TEST_TARGET_NAME = FloralCode;
			};
			name = Release;
		};
/* End XCBuildConfiguration section */

/* Begin XCConfigurationList section */
		F81858F41DA374D300995CFF /* Build configuration list for PBXProject "FloralCode" */ = {
			isa = XCConfigurationList;
			buildConfigurations = (
				F81859221DA374D300995CFF /* Debug */,
				F81859231DA374D300995CFF /* Release */,
			);
			defaultConfigurationIsVisible = 0;
			defaultConfigurationName = Release;
		};
		F81859241DA374D300995CFF /* Build configuration list for PBXNativeTarget "FloralCode" */ = {
			isa = XCConfigurationList;
			buildConfigurations = (
				F81859251DA374D300995CFF /* Debug */,
				F81859261DA374D300995CFF /* Release */,
			);
			defaultConfigurationIsVisible = 0;
			defaultConfigurationName = Release;
		};
		F81859271DA374D300995CFF /* Build configuration list for PBXNativeTarget "FloralCodeTests" */ = {
			isa = XCConfigurationList;
			buildConfigurations = (
				F81859281DA374D300995CFF /* Debug */,
				F81859291DA374D300995CFF /* Release */,
			);
			defaultConfigurationIsVisible = 0;
			defaultConfigurationName = Release;
		};
		F818592A1DA374D300995CFF /* Build configuration list for PBXNativeTarget "FloralCodeUITests" */ = {
			isa = XCConfigurationList;
			buildConfigurations = (
				F818592B1DA374D300995CFF /* Debug */,
				F818592C1DA374D300995CFF /* Release */,
			);
			defaultConfigurationIsVisible = 0;
			defaultConfigurationName = Release;
		};
/* End XCConfigurationList section */

/* Begin XCVersionGroup section */
		F81859031DA374D300995CFF /* FloralCode.xcdatamodeld */ = {
			isa = XCVersionGroup;
			children = (
				F81859041DA374D300995CFF /* FloralCode.xcdatamodel */,
			);
			currentVersion = F81859041DA374D300995CFF /* FloralCode.xcdatamodel */;
			path = FloralCode.xcdatamodeld;
			sourceTree = "<group>";
			versionGroupType = wrapper.xcdatamodel;
		};
		F81859441DA4E83400995CFF /* Floral.xcdatamodeld */ = {
			isa = XCVersionGroup;
			children = (
				F81859451DA4E83400995CFF /* Floral.xcdatamodel */,
			);
			currentVersion = F81859451DA4E83400995CFF /* Floral.xcdatamodel */;
			path = Floral.xcdatamodeld;
			sourceTree = "<group>";
			versionGroupType = wrapper.xcdatamodel;
		};
/* End XCVersionGroup section */
	};
	rootObject = F81858F11DA374D300995CFF /* Project object */;
}
